// !$*UTF8*$!
{
	archiveVersion = 1;
	classes = {
	};
	objectVersion = 77;
	objects = {

/* Begin PBXContainerItemProxy section */
		16B0A04A2D3F7A0200EC577A /* PBXContainerItemProxy */ = {
			isa = PBXContainerItemProxy;
			containerPortal = 16B0A02B2D3F7A0100EC577A /* Project object */;
			proxyType = 1;
			remoteGlobalIDString = 16B0A0322D3F7A0100EC577A;
			remoteInfo = PickerView_3;
		};
		16B0A0542D3F7A0200EC577A /* PBXContainerItemProxy */ = {
			isa = PBXContainerItemProxy;
			containerPortal = 16B0A02B2D3F7A0100EC577A /* Project object */;
			proxyType = 1;
			remoteGlobalIDString = 16B0A0322D3F7A0100EC577A;
			remoteInfo = PickerView_3;
		};
/* End PBXContainerItemProxy section */

/* Begin PBXFileReference section */
		16B0A0332D3F7A0100EC577A /* PickerView_3.app */ = {isa = PBXFileReference; explicitFileType = wrapper.application; includeInIndex = 0; path = PickerView_3.app; sourceTree = BUILT_PRODUCTS_DIR; };
		16B0A0492D3F7A0200EC577A /* PickerView_3Tests.xctest */ = {isa = PBXFileReference; explicitFileType = wrapper.cfbundle; includeInIndex = 0; path = PickerView_3Tests.xctest; sourceTree = BUILT_PRODUCTS_DIR; };
		16B0A0532D3F7A0200EC577A /* PickerView_3UITests.xctest */ = {isa = PBXFileReference; explicitFileType = wrapper.cfbundle; includeInIndex = 0; path = PickerView_3UITests.xctest; sourceTree = BUILT_PRODUCTS_DIR; };
/* End PBXFileReference section */

/* Begin PBXFileSystemSynchronizedBuildFileExceptionSet section */
		16B0A05B2D3F7A0200EC577A /* Exceptions for "PickerView_3" folder in "PickerView_3" target */ = {
			isa = PBXFileSystemSynchronizedBuildFileExceptionSet;
			membershipExceptions = (
				Info.plist,
			);
			target = 16B0A0322D3F7A0100EC577A /* PickerView_3 */;
		};
/* End PBXFileSystemSynchronizedBuildFileExceptionSet section */

/* Begin PBXFileSystemSynchronizedRootGroup section */
		16B0A0352D3F7A0100EC577A /* PickerView_3 */ = {
			isa = PBXFileSystemSynchronizedRootGroup;
			exceptions = (
				16B0A05B2D3F7A0200EC577A /* Exceptions for "PickerView_3" folder in "PickerView_3" target */,
			);
			path = PickerView_3;
			sourceTree = "<group>";
		};
		16B0A04C2D3F7A0200EC577A /* PickerView_3Tests */ = {
			isa = PBXFileSystemSynchronizedRootGroup;
			path = PickerView_3Tests;
			sourceTree = "<group>";
		};
		16B0A0562D3F7A0200EC577A /* PickerView_3UITests */ = {
			isa = PBXFileSystemSynchronizedRootGroup;
			path = PickerView_3UITests;
			sourceTree = "<group>";
		};
/* End PBXFileSystemSynchronizedRootGroup section */

/* Begin PBXFrameworksBuildPhase section */
		16B0A0302D3F7A0100EC577A /* Frameworks */ = {
			isa = PBXFrameworksBuildPhase;
			buildActionMask = 2147483647;
			files = (
			);
			runOnlyForDeploymentPostprocessing = 0;
		};
		16B0A0462D3F7A0200EC577A /* Frameworks */ = {
			isa = PBXFrameworksBuildPhase;
			buildActionMask = 2147483647;
			files = (
			);
			runOnlyForDeploymentPostprocessing = 0;
		};
		16B0A0502D3F7A0200EC577A /* Frameworks */ = {
			isa = PBXFrameworksBuildPhase;
			buildActionMask = 2147483647;
			files = (
			);
			runOnlyForDeploymentPostprocessing = 0;
		};
/* End PBXFrameworksBuildPhase section */

/* Begin PBXGroup section */
		16B0A02A2D3F7A0100EC577A = {
			isa = PBXGroup;
			children = (
				16B0A0352D3F7A0100EC577A /* PickerView_3 */,
				16B0A04C2D3F7A0200EC577A /* PickerView_3Tests */,
				16B0A0562D3F7A0200EC577A /* PickerView_3UITests */,
				16B0A0342D3F7A0100EC577A /* Products */,
			);
			sourceTree = "<group>";
		};
		16B0A0342D3F7A0100EC577A /* Products */ = {
			isa = PBXGroup;
			children = (
				16B0A0332D3F7A0100EC577A /* PickerView_3.app */,
				16B0A0492D3F7A0200EC577A /* PickerView_3Tests.xctest */,
				16B0A0532D3F7A0200EC577A /* PickerView_3UITests.xctest */,
			);
			name = Products;
			sourceTree = "<group>";
		};
/* End PBXGroup section */

/* Begin PBXNativeTarget section */
		16B0A0322D3F7A0100EC577A /* PickerView_3 */ = {
			isa = PBXNativeTarget;
			buildConfigurationList = 16B0A05C2D3F7A0200EC577A /* Build configuration list for PBXNativeTarget "PickerView_3" */;
			buildPhases = (
				16B0A02F2D3F7A0100EC577A /* Sources */,
				16B0A0302D3F7A0100EC577A /* Frameworks */,
				16B0A0312D3F7A0100EC577A /* Resources */,
			);
			buildRules = (
			);
			dependencies = (
			);
			fileSystemSynchronizedGroups = (
				16B0A0352D3F7A0100EC577A /* PickerView_3 */,
			);
			name = PickerView_3;
			packageProductDependencies = (
			);
			productName = PickerView_3;
			productReference = 16B0A0332D3F7A0100EC577A /* PickerView_3.app */;
			productType = "com.apple.product-type.application";
		};
		16B0A0482D3F7A0200EC577A /* PickerView_3Tests */ = {
			isa = PBXNativeTarget;
			buildConfigurationList = 16B0A0612D3F7A0200EC577A /* Build configuration list for PBXNativeTarget "PickerView_3Tests" */;
			buildPhases = (
				16B0A0452D3F7A0200EC577A /* Sources */,
				16B0A0462D3F7A0200EC577A /* Frameworks */,
				16B0A0472D3F7A0200EC577A /* Resources */,
			);
			buildRules = (
			);
			dependencies = (
				16B0A04B2D3F7A0200EC577A /* PBXTargetDependency */,
			);
			fileSystemSynchronizedGroups = (
				16B0A04C2D3F7A0200EC577A /* PickerView_3Tests */,
			);
			name = PickerView_3Tests;
			packageProductDependencies = (
			);
			productName = PickerView_3Tests;
			productReference = 16B0A0492D3F7A0200EC577A /* PickerView_3Tests.xctest */;
			productType = "com.apple.product-type.bundle.unit-test";
		};
		16B0A0522D3F7A0200EC577A /* PickerView_3UITests */ = {
			isa = PBXNativeTarget;
			buildConfigurationList = 16B0A0642D3F7A0200EC577A /* Build configuration list for PBXNativeTarget "PickerView_3UITests" */;
			buildPhases = (
				16B0A04F2D3F7A0200EC577A /* Sources */,
				16B0A0502D3F7A0200EC577A /* Frameworks */,
				16B0A0512D3F7A0200EC577A /* Resources */,
			);
			buildRules = (
			);
			dependencies = (
				16B0A0552D3F7A0200EC577A /* PBXTargetDependency */,
			);
			fileSystemSynchronizedGroups = (
				16B0A0562D3F7A0200EC577A /* PickerView_3UITests */,
			);
			name = PickerView_3UITests;
			packageProductDependencies = (
			);
			productName = PickerView_3UITests;
			productReference = 16B0A0532D3F7A0200EC577A /* PickerView_3UITests.xctest */;
			productType = "com.apple.product-type.bundle.ui-testing";
		};
/* End PBXNativeTarget section */

/* Begin PBXProject section */
		16B0A02B2D3F7A0100EC577A /* Project object */ = {
			isa = PBXProject;
			attributes = {
				BuildIndependentTargetsInParallel = 1;
				LastSwiftUpdateCheck = 1620;
				LastUpgradeCheck = 1620;
				TargetAttributes = {
					16B0A0322D3F7A0100EC577A = {
						CreatedOnToolsVersion = 16.2;
					};
					16B0A0482D3F7A0200EC577A = {
						CreatedOnToolsVersion = 16.2;
						TestTargetID = 16B0A0322D3F7A0100EC577A;
					};
					16B0A0522D3F7A0200EC577A = {
						CreatedOnToolsVersion = 16.2;
						TestTargetID = 16B0A0322D3F7A0100EC577A;
					};
				};
			};
			buildConfigurationList = 16B0A02E2D3F7A0100EC577A /* Build configuration list for PBXProject "PickerView_3" */;
			developmentRegion = en;
			hasScannedForEncodings = 0;
			knownRegions = (
				en,
				Base,
			);
			mainGroup = 16B0A02A2D3F7A0100EC577A;
			minimizedProjectReferenceProxies = 1;
			preferredProjectObjectVersion = 77;
			productRefGroup = 16B0A0342D3F7A0100EC577A /* Products */;
			projectDirPath = "";
			projectRoot = "";
			targets = (
				16B0A0322D3F7A0100EC577A /* PickerView_3 */,
				16B0A0482D3F7A0200EC577A /* PickerView_3Tests */,
				16B0A0522D3F7A0200EC577A /* PickerView_3UITests */,
			);
		};
/* End PBXProject section */

/* Begin PBXResourcesBuildPhase section */
		16B0A0312D3F7A0100EC577A /* Resources */ = {
			isa = PBXResourcesBuildPhase;
			buildActionMask = 2147483647;
			files = (
			);
			runOnlyForDeploymentPostprocessing = 0;
		};
		16B0A0472D3F7A0200EC577A /* Resources */ = {
			isa = PBXResourcesBuildPhase;
			buildActionMask = 2147483647;
			files = (
			);
			runOnlyForDeploymentPostprocessing = 0;
		};
		16B0A0512D3F7A0200EC577A /* Resources */ = {
			isa = PBXResourcesBuildPhase;
			buildActionMask = 2147483647;
			files = (
			);
			runOnlyForDeploymentPostprocessing = 0;
		};
/* End PBXResourcesBuildPhase section */

/* Begin PBXSourcesBuildPhase section */
		16B0A02F2D3F7A0100EC577A /* Sources */ = {
			isa = PBXSourcesBuildPhase;
			buildActionMask = 2147483647;
			files = (
			);
			runOnlyForDeploymentPostprocessing = 0;
		};
		16B0A0452D3F7A0200EC577A /* Sources */ = {
			isa = PBXSourcesBuildPhase;
			buildActionMask = 2147483647;
			files = (
			);
			runOnlyForDeploymentPostprocessing = 0;
		};
		16B0A04F2D3F7A0200EC577A /* Sources */ = {
			isa = PBXSourcesBuildPhase;
			buildActionMask = 2147483647;
			files = (
			);
			runOnlyForDeploymentPostprocessing = 0;
		};
/* End PBXSourcesBuildPhase section */

/* Begin PBXTargetDependency section */
		16B0A04B2D3F7A0200EC577A /* PBXTargetDependency */ = {
			isa = PBXTargetDependency;
			target = 16B0A0322D3F7A0100EC577A /* PickerView_3 */;
			targetProxy = 16B0A04A2D3F7A0200EC577A /* PBXContainerItemProxy */;
		};
		16B0A0552D3F7A0200EC577A /* PBXTargetDependency */ = {
			isa = PBXTargetDependency;
			target = 16B0A0322D3F7A0100EC577A /* PickerView_3 */;
			targetProxy = 16B0A0542D3F7A0200EC577A /* PBXContainerItemProxy */;
		};
/* End PBXTargetDependency section */

/* Begin XCBuildConfiguration section */
		16B0A05D2D3F7A0200EC577A /* Debug */ = {
			isa = XCBuildConfiguration;
			buildSettings = {
				ASSETCATALOG_COMPILER_APPICON_NAME = AppIcon;
				ASSETCATALOG_COMPILER_GLOBAL_ACCENT_COLOR_NAME = AccentColor;
				CODE_SIGN_STYLE = Automatic;
				CURRENT_PROJECT_VERSION = 1;
				DEVELOPMENT_TEAM = W8DT5868C7;
				GENERATE_INFOPLIST_FILE = YES;
				INFOPLIST_FILE = PickerView_3/Info.plist;
				INFOPLIST_KEY_UIApplicationSupportsIndirectInputEvents = YES;
				INFOPLIST_KEY_UILaunchStoryboardName = LaunchScreen;
				INFOPLIST_KEY_UIMainStoryboardFile = Main;
				INFOPLIST_KEY_UISupportedInterfaceOrientations_iPad = "UIInterfaceOrientationPortrait UIInterfaceOrientationPortraitUpsideDown UIInterfaceOrientationLandscapeLeft UIInterfaceOrientationLandscapeRight";
				INFOPLIST_KEY_UISupportedInterfaceOrientations_iPhone = "UIInterfaceOrientationPortrait UIInterfaceOrientationLandscapeLeft UIInterfaceOrientationLandscapeRight";
				LD_RUNPATH_SEARCH_PATHS = (
					"$(inherited)",
					"@executable_path/Frameworks",
				);
				MARKETING_VERSION = 1.0;
				PRODUCT_BUNDLE_IDENTIFIER = "com.study.PickerView-3";
				PRODUCT_NAME = "$(TARGET_NAME)";
				SWIFT_EMIT_LOC_STRINGS = YES;
				SWIFT_VERSION = 5.0;
				TARGETED_DEVICE_FAMILY = "1,2";
			};
			name = Debug;
		};
		16B0A05E2D3F7A0200EC577A /* Release */ = {
			isa = XCBuildConfiguration;
			buildSettings = {
				ASSETCATALOG_COMPILER_APPICON_NAME = AppIcon;
				ASSETCATALOG_COMPILER_GLOBAL_ACCENT_COLOR_NAME = AccentColor;
				CODE_SIGN_STYLE = Automatic;
				CURRENT_PROJECT_VERSION = 1;
				DEVELOPMENT_TEAM = W8DT5868C7;
				GENERATE_INFOPLIST_FILE = YES;
				INFOPLIST_FILE = PickerView_3/Info.plist;
				INFOPLIST_KEY_UIApplicationSupportsIndirectInputEvents = YES;
				INFOPLIST_KEY_UILaunchStoryboardName = LaunchScreen;
				INFOPLIST_KEY_UIMainStoryboardFile = Main;
				INFOPLIST_KEY_UISupportedInterfaceOrientations_iPad = "UIInterfaceOrientationPortrait UIInterfaceOrientationPortraitUpsideDown UIInterfaceOrientationLandscapeLeft UIInterfaceOrientationLandscapeRight";
				INFOPLIST_KEY_UISupportedInterfaceOrientations_iPhone = "UIInterfaceOrientationPortrait UIInterfaceOrientationLandscapeLeft UIInterfaceOrientationLandscapeRight";
				LD_RUNPATH_SEARCH_PATHS = (
					"$(inherited)",
					"@executable_path/Frameworks",
				);
				MARKETING_VERSION = 1.0;
				PRODUCT_BUNDLE_IDENTIFIER = "com.study.PickerView-3";
				PRODUCT_NAME = "$(TARGET_NAME)";
				SWIFT_EMIT_LOC_STRINGS = YES;
				SWIFT_VERSION = 5.0;
				TARGETED_DEVICE_FAMILY = "1,2";
			};
			name = Release;
		};
		16B0A05F2D3F7A0200EC577A /* Debug */ = {
			isa = XCBuildConfiguration;
			buildSettings = {
				ALWAYS_SEARCH_USER_PATHS = NO;
				ASSETCATALOG_COMPILER_GENERATE_SWIFT_ASSET_SYMBOL_EXTENSIONS = YES;
				CLANG_ANALYZER_NONNULL = YES;
				CLANG_ANALYZER_NUMBER_OBJECT_CONVERSION = YES_AGGRESSIVE;
				CLANG_CXX_LANGUAGE_STANDARD = "gnu++20";
				CLANG_ENABLE_MODULES = YES;
				CLANG_ENABLE_OBJC_ARC = YES;
				CLANG_ENABLE_OBJC_WEAK = YES;
				CLANG_WARN_BLOCK_CAPTURE_AUTORELEASING = YES;
				CLANG_WARN_BOOL_CONVERSION = YES;
				CLANG_WARN_COMMA = YES;
				CLANG_WARN_CONSTANT_CONVERSION = YES;
				CLANG_WARN_DEPRECATED_OBJC_IMPLEMENTATIONS = YES;
				CLANG_WARN_DIRECT_OBJC_ISA_USAGE = YES_ERROR;
				CLANG_WARN_DOCUMENTATION_COMMENTS = YES;
				CLANG_WARN_EMPTY_BODY = YES;
				CLANG_WARN_ENUM_CONVERSION = YES;
				CLANG_WARN_INFINITE_RECURSION = YES;
				CLANG_WARN_INT_CONVERSION = YES;
				CLANG_WARN_NON_LITERAL_NULL_CONVERSION = YES;
				CLANG_WARN_OBJC_IMPLICIT_RETAIN_SELF = YES;
				CLANG_WARN_OBJC_LITERAL_CONVERSION = YES;
				CLANG_WARN_OBJC_ROOT_CLASS = YES_ERROR;
				CLANG_WARN_QUOTED_INCLUDE_IN_FRAMEWORK_HEADER = YES;
				CLANG_WARN_RANGE_LOOP_ANALYSIS = YES;
				CLANG_WARN_STRICT_PROTOTYPES = YES;
				CLANG_WARN_SUSPICIOUS_MOVE = YES;
				CLANG_WARN_UNGUARDED_AVAILABILITY = YES_AGGRESSIVE;
				CLANG_WARN_UNREACHABLE_CODE = YES;
				CLANG_WARN__DUPLICATE_METHOD_MATCH = YES;
				COPY_PHASE_STRIP = NO;
				DEBUG_INFORMATION_FORMAT = dwarf;
				ENABLE_STRICT_OBJC_MSGSEND = YES;
				ENABLE_TESTABILITY = YES;
				ENABLE_USER_SCRIPT_SANDBOXING = YES;
				GCC_C_LANGUAGE_STANDARD = gnu17;
				GCC_DYNAMIC_NO_PIC = NO;
				GCC_NO_COMMON_BLOCKS = YES;
				GCC_OPTIMIZATION_LEVEL = 0;
				GCC_PREPROCESSOR_DEFINITIONS = (
					"DEBUG=1",
					"$(inherited)",
				);
				GCC_WARN_64_TO_32_BIT_CONVERSION = YES;
				GCC_WARN_ABOUT_RETURN_TYPE = YES_ERROR;
				GCC_WARN_UNDECLARED_SELECTOR = YES;
				GCC_WARN_UNINITIALIZED_AUTOS = YES_AGGRESSIVE;
				GCC_WARN_UNUSED_FUNCTION = YES;
				GCC_WARN_UNUSED_VARIABLE = YES;
				IPHONEOS_DEPLOYMENT_TARGET = 18.2;
				LOCALIZATION_PREFERS_STRING_CATALOGS = YES;
				MTL_ENABLE_DEBUG_INFO = INCLUDE_SOURCE;
				MTL_FAST_MATH = YES;
				ONLY_ACTIVE_ARCH = YES;
				SDKROOT = iphoneos;
				SWIFT_ACTIVE_COMPILATION_CONDITIONS = "DEBUG $(inherited)";
				SWIFT_OPTIMIZATION_LEVEL = "-Onone";
			};
			name = Debug;
		};
		16B0A0602D3F7A0200EC577A /* Release */ = {
			isa = XCBuildConfiguration;
			buildSettings = {
				ALWAYS_SEARCH_USER_PATHS = NO;
				ASSETCATALOG_COMPILER_GENERATE_SWIFT_ASSET_SYMBOL_EXTENSIONS = YES;
				CLANG_ANALYZER_NONNULL = YES;
				CLANG_ANALYZER_NUMBER_OBJECT_CONVERSION = YES_AGGRESSIVE;
				CLANG_CXX_LANGUAGE_STANDARD = "gnu++20";
				CLANG_ENABLE_MODULES = YES;
				CLANG_ENABLE_OBJC_ARC = YES;
				CLANG_ENABLE_OBJC_WEAK = YES;
				CLANG_WARN_BLOCK_CAPTURE_AUTORELEASING = YES;
				CLANG_WARN_BOOL_CONVERSION = YES;
				CLANG_WARN_COMMA = YES;
				CLANG_WARN_CONSTANT_CONVERSION = YES;
				CLANG_WARN_DEPRECATED_OBJC_IMPLEMENTATIONS = YES;
				CLANG_WARN_DIRECT_OBJC_ISA_USAGE = YES_ERROR;
				CLANG_WARN_DOCUMENTATION_COMMENTS = YES;
				CLANG_WARN_EMPTY_BODY = YES;
				CLANG_WARN_ENUM_CONVERSION = YES;
				CLANG_WARN_INFINITE_RECURSION = YES;
				CLANG_WARN_INT_CONVERSION = YES;
				CLANG_WARN_NON_LITERAL_NULL_CONVERSION = YES;
				CLANG_WARN_OBJC_IMPLICIT_RETAIN_SELF = YES;
				CLANG_WARN_OBJC_LITERAL_CONVERSION = YES;
				CLANG_WARN_OBJC_ROOT_CLASS = YES_ERROR;
				CLANG_WARN_QUOTED_INCLUDE_IN_FRAMEWORK_HEADER = YES;
				CLANG_WARN_RANGE_LOOP_ANALYSIS = YES;
				CLANG_WARN_STRICT_PROTOTYPES = YES;
				CLANG_WARN_SUSPICIOUS_MOVE = YES;
				CLANG_WARN_UNGUARDED_AVAILABILITY = YES_AGGRESSIVE;
				CLANG_WARN_UNREACHABLE_CODE = YES;
				CLANG_WARN__DUPLICATE_METHOD_MATCH = YES;
				COPY_PHASE_STRIP = NO;
				DEBUG_INFORMATION_FORMAT = "dwarf-with-dsym";
				ENABLE_NS_ASSERTIONS = NO;
				ENABLE_STRICT_OBJC_MSGSEND = YES;
				ENABLE_USER_SCRIPT_SANDBOXING = YES;
				GCC_C_LANGUAGE_STANDARD = gnu17;
				GCC_NO_COMMON_BLOCKS = YES;
				GCC_WARN_64_TO_32_BIT_CONVERSION = YES;
				GCC_WARN_ABOUT_RETURN_TYPE = YES_ERROR;
				GCC_WARN_UNDECLARED_SELECTOR = YES;
				GCC_WARN_UNINITIALIZED_AUTOS = YES_AGGRESSIVE;
				GCC_WARN_UNUSED_FUNCTION = YES;
				GCC_WARN_UNUSED_VARIABLE = YES;
				IPHONEOS_DEPLOYMENT_TARGET = 18.2;
				LOCALIZATION_PREFERS_STRING_CATALOGS = YES;
				MTL_ENABLE_DEBUG_INFO = NO;
				MTL_FAST_MATH = YES;
				SDKROOT = iphoneos;
				SWIFT_COMPILATION_MODE = wholemodule;
				VALIDATE_PRODUCT = YES;
			};
			name = Release;
		};
		16B0A0622D3F7A0200EC577A /* Debug */ = {
			isa = XCBuildConfiguration;
			buildSettings = {
				BUNDLE_LOADER = "$(TEST_HOST)";
				CODE_SIGN_STYLE = Automatic;
				CURRENT_PROJECT_VERSION = 1;
				DEVELOPMENT_TEAM = W8DT5868C7;
				GENERATE_INFOPLIST_FILE = YES;
				IPHONEOS_DEPLOYMENT_TARGET = 18.2;
				MARKETING_VERSION = 1.0;
				PRODUCT_BUNDLE_IDENTIFIER = "com.study.PickerView-3Tests";
				PRODUCT_NAME = "$(TARGET_NAME)";
				SWIFT_EMIT_LOC_STRINGS = NO;
				SWIFT_VERSION = 5.0;
				TARGETED_DEVICE_FAMILY = "1,2";
				TEST_HOST = "$(BUILT_PRODUCTS_DIR)/PickerView_3.app/$(BUNDLE_EXECUTABLE_FOLDER_PATH)/PickerView_3";
			};
			name = Debug;
		};
		16B0A0632D3F7A0200EC577A /* Release */ = {
			isa = XCBuildConfiguration;
			buildSettings = {
				BUNDLE_LOADER = "$(TEST_HOST)";
				CODE_SIGN_STYLE = Automatic;
				CURRENT_PROJECT_VERSION = 1;
				DEVELOPMENT_TEAM = W8DT5868C7;
				GENERATE_INFOPLIST_FILE = YES;
				IPHONEOS_DEPLOYMENT_TARGET = 18.2;
				MARKETING_VERSION = 1.0;
				PRODUCT_BUNDLE_IDENTIFIER = "com.study.PickerView-3Tests";
				PRODUCT_NAME = "$(TARGET_NAME)";
				SWIFT_EMIT_LOC_STRINGS = NO;
				SWIFT_VERSION = 5.0;
				TARGETED_DEVICE_FAMILY = "1,2";
				TEST_HOST = "$(BUILT_PRODUCTS_DIR)/PickerView_3.app/$(BUNDLE_EXECUTABLE_FOLDER_PATH)/PickerView_3";
			};
			name = Release;
		};
		16B0A0652D3F7A0200EC577A /* Debug */ = {
			isa = XCBuildConfiguration;
			buildSettings = {
				CODE_SIGN_STYLE = Automatic;
				CURRENT_PROJECT_VERSION = 1;
				DEVELOPMENT_TEAM = W8DT5868C7;
				GENERATE_INFOPLIST_FILE = YES;
				MARKETING_VERSION = 1.0;
				PRODUCT_BUNDLE_IDENTIFIER = "com.study.PickerView-3UITests";
				PRODUCT_NAME = "$(TARGET_NAME)";
				SWIFT_EMIT_LOC_STRINGS = NO;
				SWIFT_VERSION = 5.0;
				TARGETED_DEVICE_FAMILY = "1,2";
				TEST_TARGET_NAME = PickerView_3;
			};
			name = Debug;
		};
		16B0A0662D3F7A0200EC577A /* Release */ = {
			isa = XCBuildConfiguration;
			buildSettings = {
				CODE_SIGN_STYLE = Automatic;
				CURRENT_PROJECT_VERSION = 1;
				DEVELOPMENT_TEAM = W8DT5868C7;
				GENERATE_INFOPLIST_FILE = YES;
				MARKETING_VERSION = 1.0;
				PRODUCT_BUNDLE_IDENTIFIER = "com.study.PickerView-3UITests";
				PRODUCT_NAME = "$(TARGET_NAME)";
				SWIFT_EMIT_LOC_STRINGS = NO;
				SWIFT_VERSION = 5.0;
				TARGETED_DEVICE_FAMILY = "1,2";
				TEST_TARGET_NAME = PickerView_3;
			};
			name = Release;
		};
/* End XCBuildConfiguration section */

/* Begin XCConfigurationList section */
		16B0A02E2D3F7A0100EC577A /* Build configuration list for PBXProject "PickerView_3" */ = {
			isa = XCConfigurationList;
			buildConfigurations = (
				16B0A05F2D3F7A0200EC577A /* Debug */,
				16B0A0602D3F7A0200EC577A /* Release */,
			);
			defaultConfigurationIsVisible = 0;
			defaultConfigurationName = Release;
		};
		16B0A05C2D3F7A0200EC577A /* Build configuration list for PBXNativeTarget "PickerView_3" */ = {
			isa = XCConfigurationList;
			buildConfigurations = (
				16B0A05D2D3F7A0200EC577A /* Debug */,
				16B0A05E2D3F7A0200EC577A /* Release */,
			);
			defaultConfigurationIsVisible = 0;
			defaultConfigurationName = Release;
		};
		16B0A0612D3F7A0200EC577A /* Build configuration list for PBXNativeTarget "PickerView_3Tests" */ = {
			isa = XCConfigurationList;
			buildConfigurations = (
				16B0A0622D3F7A0200EC577A /* Debug */,
				16B0A0632D3F7A0200EC577A /* Release */,
			);
			defaultConfigurationIsVisible = 0;
			defaultConfigurationName = Release;
		};
		16B0A0642D3F7A0200EC577A /* Build configuration list for PBXNativeTarget "PickerView_3UITests" */ = {
			isa = XCConfigurationList;
			buildConfigurations = (
				16B0A0652D3F7A0200EC577A /* Debug */,
				16B0A0662D3F7A0200EC577A /* Release */,
			);
			defaultConfigurationIsVisible = 0;
			defaultConfigurationName = Release;
		};
/* End XCConfigurationList section */
	};
	rootObject = 16B0A02B2D3F7A0100EC577A /* Project object */;
}
